// !$*UTF8*$!
{
	archiveVersion = 1;
	classes = {
	};
	objectVersion = 50;
	objects = {

/* Begin PBXBuildFile section */
		7A080E2925FA54EC00B88A84 /* NoteTableViewController.swift in Sources */ = {isa = PBXBuildFile; fileRef = 7A080E2825FA54EC00B88A84 /* NoteTableViewController.swift */; };
		CB50A32625F136E1005B15D1 /* AppDelegate.swift in Sources */ = {isa = PBXBuildFile; fileRef = CB50A32525F136E1005B15D1 /* AppDelegate.swift */; };
		CB50A32825F136E1005B15D1 /* SceneDelegate.swift in Sources */ = {isa = PBXBuildFile; fileRef = CB50A32725F136E1005B15D1 /* SceneDelegate.swift */; };
		CB50A32A25F136E1005B15D1 /* ViewController.swift in Sources */ = {isa = PBXBuildFile; fileRef = CB50A32925F136E1005B15D1 /* ViewController.swift */; };
		CB50A32D25F136E1005B15D1 /* Main.storyboard in Resources */ = {isa = PBXBuildFile; fileRef = CB50A32B25F136E1005B15D1 /* Main.storyboard */; };
		CB50A32F25F136E1005B15D1 /* Assets.xcassets in Resources */ = {isa = PBXBuildFile; fileRef = CB50A32E25F136E1005B15D1 /* Assets.xcassets */; };
		CB50A33225F136E1005B15D1 /* LaunchScreen.storyboard in Resources */ = {isa = PBXBuildFile; fileRef = CB50A33025F136E1005B15D1 /* LaunchScreen.storyboard */; };
		CBAB1C1E25FA4EA600EB7744 /* Note.swift in Sources */ = {isa = PBXBuildFile; fileRef = CBAB1C1D25FA4EA600EB7744 /* Note.swift */; };
/* End PBXBuildFile section */

/* Begin PBXFileReference section */
		7A080E2825FA54EC00B88A84 /* NoteTableViewController.swift */ = {isa = PBXFileReference; lastKnownFileType = sourcecode.swift; path = NoteTableViewController.swift; sourceTree = "<group>"; };
		CB50A32225F136E1005B15D1 /* Projet_IOS_WEBER_MESNIER.app */ = {isa = PBXFileReference; explicitFileType = wrapper.application; includeInIndex = 0; path = Projet_IOS_WEBER_MESNIER.app; sourceTree = BUILT_PRODUCTS_DIR; };
		CB50A32525F136E1005B15D1 /* AppDelegate.swift */ = {isa = PBXFileReference; lastKnownFileType = sourcecode.swift; path = AppDelegate.swift; sourceTree = "<group>"; };
		CB50A32725F136E1005B15D1 /* SceneDelegate.swift */ = {isa = PBXFileReference; lastKnownFileType = sourcecode.swift; path = SceneDelegate.swift; sourceTree = "<group>"; };
		CB50A32925F136E1005B15D1 /* ViewController.swift */ = {isa = PBXFileReference; lastKnownFileType = sourcecode.swift; path = ViewController.swift; sourceTree = "<group>"; };
		CB50A32C25F136E1005B15D1 /* Base */ = {isa = PBXFileReference; lastKnownFileType = file.storyboard; name = Base; path = Base.lproj/Main.storyboard; sourceTree = "<group>"; };
		CB50A32E25F136E1005B15D1 /* Assets.xcassets */ = {isa = PBXFileReference; lastKnownFileType = folder.assetcatalog; path = Assets.xcassets; sourceTree = "<group>"; };
		CB50A33125F136E1005B15D1 /* Base */ = {isa = PBXFileReference; lastKnownFileType = file.storyboard; name = Base; path = Base.lproj/LaunchScreen.storyboard; sourceTree = "<group>"; };
		CB50A33325F136E1005B15D1 /* Info.plist */ = {isa = PBXFileReference; lastKnownFileType = text.plist.xml; path = Info.plist; sourceTree = "<group>"; };
		CBAB1C1D25FA4EA600EB7744 /* Note.swift */ = {isa = PBXFileReference; lastKnownFileType = sourcecode.swift; path = Note.swift; sourceTree = "<group>"; };
/* End PBXFileReference section */

/* Begin PBXFrameworksBuildPhase section */
		CB50A31F25F136E1005B15D1 /* Frameworks */ = {
			isa = PBXFrameworksBuildPhase;
			buildActionMask = 2147483647;
			files = (
			);
			runOnlyForDeploymentPostprocessing = 0;
		};
/* End PBXFrameworksBuildPhase section */

/* Begin PBXGroup section */
		CB50A31925F136E1005B15D1 = {
			isa = PBXGroup;
			children = (
				CB50A32425F136E1005B15D1 /* Projet_IOS_WEBER_MESNIER */,
				CB50A32325F136E1005B15D1 /* Products */,
			);
			sourceTree = "<group>";
		};
		CB50A32325F136E1005B15D1 /* Products */ = {
			isa = PBXGroup;
			children = (
				CB50A32225F136E1005B15D1 /* Projet_IOS_WEBER_MESNIER.app */,
			);
			name = Products;
			sourceTree = "<group>";
		};
		CB50A32425F136E1005B15D1 /* Projet_IOS_WEBER_MESNIER */ = {
			isa = PBXGroup;
			children = (
				CB50A32525F136E1005B15D1 /* AppDelegate.swift */,
				CB50A32725F136E1005B15D1 /* SceneDelegate.swift */,
				CB50A32925F136E1005B15D1 /* ViewController.swift */,
				CB50A32B25F136E1005B15D1 /* Main.storyboard */,
				7A080E2825FA54EC00B88A84 /* NoteTableViewController.swift */,
				CB50A32E25F136E1005B15D1 /* Assets.xcassets */,
				CB50A33025F136E1005B15D1 /* LaunchScreen.storyboard */,
				CB50A33325F136E1005B15D1 /* Info.plist */,
				CBAB1C1D25FA4EA600EB7744 /* Note.swift */,
			);
			path = Projet_IOS_WEBER_MESNIER;
			sourceTree = "<group>";
		};
/* End PBXGroup section */

/* Begin PBXNativeTarget section */
		CB50A32125F136E1005B15D1 /* Projet_IOS_WEBER_MESNIER */ = {
			isa = PBXNativeTarget;
			buildConfigurationList = CB50A33625F136E1005B15D1 /* Build configuration list for PBXNativeTarget "Projet_IOS_WEBER_MESNIER" */;
			buildPhases = (
				CB50A31E25F136E1005B15D1 /* Sources */,
				CB50A31F25F136E1005B15D1 /* Frameworks */,
				CB50A32025F136E1005B15D1 /* Resources */,
			);
			buildRules = (
			);
			dependencies = (
			);
			name = Projet_IOS_WEBER_MESNIER;
			productName = Projet_IOS_WEBER_MESNIER;
			productReference = CB50A32225F136E1005B15D1 /* Projet_IOS_WEBER_MESNIER.app */;
			productType = "com.apple.product-type.application";
		};
/* End PBXNativeTarget section */

/* Begin PBXProject section */
		CB50A31A25F136E1005B15D1 /* Project object */ = {
			isa = PBXProject;
			attributes = {
				LastSwiftUpdateCheck = 1240;
				LastUpgradeCheck = 1240;
				TargetAttributes = {
					CB50A32125F136E1005B15D1 = {
						CreatedOnToolsVersion = 12.4;
					};
				};
			};
			buildConfigurationList = CB50A31D25F136E1005B15D1 /* Build configuration list for PBXProject "Projet_IOS_WEBER_MESNIER" */;
			compatibilityVersion = "Xcode 9.3";
			developmentRegion = en;
			hasScannedForEncodings = 0;
			knownRegions = (
				en,
				Base,
			);
			mainGroup = CB50A31925F136E1005B15D1;
			productRefGroup = CB50A32325F136E1005B15D1 /* Products */;
			projectDirPath = "";
			projectRoot = "";
			targets = (
				CB50A32125F136E1005B15D1 /* Projet_IOS_WEBER_MESNIER */,
			);
		};
/* End PBXProject section */

/* Begin PBXResourcesBuildPhase section */
		CB50A32025F136E1005B15D1 /* Resources */ = {
			isa = PBXResourcesBuildPhase;
			buildActionMask = 2147483647;
			files = (
				CB50A33225F136E1005B15D1 /* LaunchScreen.storyboard in Resources */,
				CB50A32F25F136E1005B15D1 /* Assets.xcassets in Resources */,
				CB50A32D25F136E1005B15D1 /* Main.storyboard in Resources */,
			);
			runOnlyForDeploymentPostprocessing = 0;
		};
/* End PBXResourcesBuildPhase section */

/* Begin PBXSourcesBuildPhase section */
		CB50A31E25F136E1005B15D1 /* Sources */ = {
			isa = PBXSourcesBuildPhase;
			buildActionMask = 2147483647;
			files = (
				7A080E2925FA54EC00B88A84 /* NoteTableViewController.swift in Sources */,
				CB50A32A25F136E1005B15D1 /* ViewController.swift in Sources */,
				CB50A32625F136E1005B15D1 /* AppDelegate.swift in Sources */,
				CB50A32825F136E1005B15D1 /* SceneDelegate.swift in Sources */,
				CBAB1C1E25FA4EA600EB7744 /* Note.swift in Sources */,
			);
			runOnlyForDeploymentPostprocessing = 0;
		};
/* End PBXSourcesBuildPhase section */

/* Begin PBXVariantGroup section */
		CB50A32B25F136E1005B15D1 /* Main.storyboard */ = {
			isa = PBXVariantGroup;
			children = (
				CB50A32C25F136E1005B15D1 /* Base */,
			);
			name = Main.storyboard;
			sourceTree = "<group>";
		};
		CB50A33025F136E1005B15D1 /* LaunchScreen.storyboard */ = {
			isa = PBXVariantGroup;
			children = (
				CB50A33125F136E1005B15D1 /* Base */,
			);
			name = LaunchScreen.storyboard;
			sourceTree = "<group>";
		};
/* End PBXVariantGroup section */

/* Begin XCBuildConfiguration section */
		CB50A33425F136E1005B15D1 /* Debug */ = {
			isa = XCBuildConfiguration;
			buildSettings = {
				ALWAYS_SEARCH_USER_PATHS = NO;
				CLANG_ANALYZER_NONNULL = YES;
				CLANG_ANALYZER_NUMBER_OBJECT_CONVERSION = YES_AGGRESSIVE;
				CLANG_CXX_LANGUAGE_STANDARD = "gnu++14";
				CLANG_CXX_LIBRARY = "libc++";
				CLANG_ENABLE_MODULES = YES;
				CLANG_ENABLE_OBJC_ARC = YES;
				CLANG_ENABLE_OBJC_WEAK = YES;
				CLANG_WARN_BLOCK_CAPTURE_AUTORELEASING = YES;
				CLANG_WARN_BOOL_CONVERSION = YES;
				CLANG_WARN_COMMA = YES;
				CLANG_WARN_CONSTANT_CONVERSION = YES;
				CLANG_WARN_DEPRECATED_OBJC_IMPLEMENTATIONS = YES;
				CLANG_WARN_DIRECT_OBJC_ISA_USAGE = YES_ERROR;
				CLANG_WARN_DOCUMENTATION_COMMENTS = YES;
				CLANG_WARN_EMPTY_BODY = YES;
				CLANG_WARN_ENUM_CONVERSION = YES;
				CLANG_WARN_INFINITE_RECURSION = YES;
				CLANG_WARN_INT_CONVERSION = YES;
				CLANG_WARN_NON_LITERAL_NULL_CONVERSION = YES;
				CLANG_WARN_OBJC_IMPLICIT_RETAIN_SELF = YES;
				CLANG_WARN_OBJC_LITERAL_CONVERSION = YES;
				CLANG_WARN_OBJC_ROOT_CLASS = YES_ERROR;
				CLANG_WARN_QUOTED_INCLUDE_IN_FRAMEWORK_HEADER = YES;
				CLANG_WARN_RANGE_LOOP_ANALYSIS = YES;
				CLANG_WARN_STRICT_PROTOTYPES = YES;
				CLANG_WARN_SUSPICIOUS_MOVE = YES;
				CLANG_WARN_UNGUARDED_AVAILABILITY = YES_AGGRESSIVE;
				CLANG_WARN_UNREACHABLE_CODE = YES;
				CLANG_WARN__DUPLICATE_METHOD_MATCH = YES;
				COPY_PHASE_STRIP = NO;
				DEBUG_INFORMATION_FORMAT = dwarf;
				ENABLE_STRICT_OBJC_MSGSEND = YES;
				ENABLE_TESTABILITY = YES;
				GCC_C_LANGUAGE_STANDARD = gnu11;
				GCC_DYNAMIC_NO_PIC = NO;
				GCC_NO_COMMON_BLOCKS = YES;
				GCC_OPTIMIZATION_LEVEL = 0;
				GCC_PREPROCESSOR_DEFINITIONS = (
					"DEBUG=1",
					"$(inherited)",
				);
				GCC_WARN_64_TO_32_BIT_CONVERSION = YES;
				GCC_WARN_ABOUT_RETURN_TYPE = YES_ERROR;
				GCC_WARN_UNDECLARED_SELECTOR = YES;
				GCC_WARN_UNINITIALIZED_AUTOS = YES_AGGRESSIVE;
				GCC_WARN_UNUSED_FUNCTION = YES;
				GCC_WARN_UNUSED_VARIABLE = YES;
				IPHONEOS_DEPLOYMENT_TARGET = 14.4;
				MTL_ENABLE_DEBUG_INFO = INCLUDE_SOURCE;
				MTL_FAST_MATH = YES;
				ONLY_ACTIVE_ARCH = YES;
				SDKROOT = iphoneos;
				SWIFT_ACTIVE_COMPILATION_CONDITIONS = DEBUG;
				SWIFT_OPTIMIZATION_LEVEL = "-Onone";
			};
			name = Debug;
		};
		CB50A33525F136E1005B15D1 /* Release */ = {
			isa = XCBuildConfiguration;
			buildSettings = {
				ALWAYS_SEARCH_USER_PATHS = NO;
				CLANG_ANALYZER_NONNULL = YES;
				CLANG_ANALYZER_NUMBER_OBJECT_CONVERSION = YES_AGGRESSIVE;
				CLANG_CXX_LANGUAGE_STANDARD = "gnu++14";
				CLANG_CXX_LIBRARY = "libc++";
				CLANG_ENABLE_MODULES = YES;
				CLANG_ENABLE_OBJC_ARC = YES;
				CLANG_ENABLE_OBJC_WEAK = YES;
				CLANG_WARN_BLOCK_CAPTURE_AUTORELEASING = YES;
				CLANG_WARN_BOOL_CONVERSION = YES;
				CLANG_WARN_COMMA = YES;
				CLANG_WARN_CONSTANT_CONVERSION = YES;
				CLANG_WARN_DEPRECATED_OBJC_IMPLEMENTATIONS = YES;
				CLANG_WARN_DIRECT_OBJC_ISA_USAGE = YES_ERROR;
				CLANG_WARN_DOCUMENTATION_COMMENTS = YES;
				CLANG_WARN_EMPTY_BODY = YES;
				CLANG_WARN_ENUM_CONVERSION = YES;
				CLANG_WARN_INFINITE_RECURSION = YES;
				CLANG_WARN_INT_CONVERSION = YES;
				CLANG_WARN_NON_LITERAL_NULL_CONVERSION = YES;
				CLANG_WARN_OBJC_IMPLICIT_RETAIN_SELF = YES;
				CLANG_WARN_OBJC_LITERAL_CONVERSION = YES;
				CLANG_WARN_OBJC_ROOT_CLASS = YES_ERROR;
				CLANG_WARN_QUOTED_INCLUDE_IN_FRAMEWORK_HEADER = YES;
				CLANG_WARN_RANGE_LOOP_ANALYSIS = YES;
				CLANG_WARN_STRICT_PROTOTYPES = YES;
				CLANG_WARN_SUSPICIOUS_MOVE = YES;
				CLANG_WARN_UNGUARDED_AVAILABILITY = YES_AGGRESSIVE;
				CLANG_WARN_UNREACHABLE_CODE = YES;
				CLANG_WARN__DUPLICATE_METHOD_MATCH = YES;
				COPY_PHASE_STRIP = NO;
				DEBUG_INFORMATION_FORMAT = "dwarf-with-dsym";
				ENABLE_NS_ASSERTIONS = NO;
				ENABLE_STRICT_OBJC_MSGSEND = YES;
				GCC_C_LANGUAGE_STANDARD = gnu11;
				GCC_NO_COMMON_BLOCKS = YES;
				GCC_WARN_64_TO_32_BIT_CONVERSION = YES;
				GCC_WARN_ABOUT_RETURN_TYPE = YES_ERROR;
				GCC_WARN_UNDECLARED_SELECTOR = YES;
				GCC_WARN_UNINITIALIZED_AUTOS = YES_AGGRESSIVE;
				GCC_WARN_UNUSED_FUNCTION = YES;
				GCC_WARN_UNUSED_VARIABLE = YES;
				IPHONEOS_DEPLOYMENT_TARGET = 14.4;
				MTL_ENABLE_DEBUG_INFO = NO;
				MTL_FAST_MATH = YES;
				SDKROOT = iphoneos;
				SWIFT_COMPILATION_MODE = wholemodule;
				SWIFT_OPTIMIZATION_LEVEL = "-O";
				VALIDATE_PRODUCT = YES;
			};
			name = Release;
		};
		CB50A33725F136E1005B15D1 /* Debug */ = {
			isa = XCBuildConfiguration;
			buildSettings = {
				ASSETCATALOG_COMPILER_APPICON_NAME = AppIcon;
				ASSETCATALOG_COMPILER_GLOBAL_ACCENT_COLOR_NAME = AccentColor;
				CODE_SIGN_STYLE = Automatic;
				INFOPLIST_FILE = Projet_IOS_WEBER_MESNIER/Info.plist;
				LD_RUNPATH_SEARCH_PATHS = (
					"$(inherited)",
					"@executable_path/Frameworks",
				);
				PRODUCT_BUNDLE_IDENTIFIER = "sow.ptit.Projet-IOS-WEBER-MESNIER";
				PRODUCT_NAME = "$(TARGET_NAME)";
				SWIFT_VERSION = 5.0;
				TARGETED_DEVICE_FAMILY = "1,2";
			};
			name = Debug;
		};
		CB50A33825F136E1005B15D1 /* Release */ = {
			isa = XCBuildConfiguration;
			buildSettings = {
				ASSETCATALOG_COMPILER_APPICON_NAME = AppIcon;
				ASSETCATALOG_COMPILER_GLOBAL_ACCENT_COLOR_NAME = AccentColor;
				CODE_SIGN_STYLE = Automatic;
				INFOPLIST_FILE = Projet_IOS_WEBER_MESNIER/Info.plist;
				LD_RUNPATH_SEARCH_PATHS = (
					"$(inherited)",
					"@executable_path/Frameworks",
				);
				PRODUCT_BUNDLE_IDENTIFIER = "sow.ptit.Projet-IOS-WEBER-MESNIER";
				PRODUCT_NAME = "$(TARGET_NAME)";
				SWIFT_VERSION = 5.0;
				TARGETED_DEVICE_FAMILY = "1,2";
			};
			name = Release;
		};
/* End XCBuildConfiguration section */

/* Begin XCConfigurationList section */
		CB50A31D25F136E1005B15D1 /* Build configuration list for PBXProject "Projet_IOS_WEBER_MESNIER" */ = {
			isa = XCConfigurationList;
			buildConfigurations = (
				CB50A33425F136E1005B15D1 /* Debug */,
				CB50A33525F136E1005B15D1 /* Release */,
			);
			defaultConfigurationIsVisible = 0;
			defaultConfigurationName = Release;
		};
		CB50A33625F136E1005B15D1 /* Build configuration list for PBXNativeTarget "Projet_IOS_WEBER_MESNIER" */ = {
			isa = XCConfigurationList;
			buildConfigurations = (
				CB50A33725F136E1005B15D1 /* Debug */,
				CB50A33825F136E1005B15D1 /* Release */,
			);
			defaultConfigurationIsVisible = 0;
			defaultConfigurationName = Release;
		};
/* End XCConfigurationList section */
	};
	rootObject = CB50A31A25F136E1005B15D1 /* Project object */;
}
